
Microsoft Visual Studio Solution File, Format Version 12.00
# Visual Studio Version 16
VisualStudioVersion = 16.0.31515.178
MinimumVisualStudioVersion = 10.0.40219.1
Project("{FAE04EC0-301F-11D3-BF4B-00C04F79EFBC}") = "CRMProject", "CRMProject\CRMProject.csproj", "{07EFC177-38E2-4F54-8CBD-B5AC98301244}"
EndProject
Global
	GlobalSection(SolutionConfigurationPlatforms) = preSolution
		Debug|Any CPU = Debug|Any CPU
		Release|Any CPU = Release|Any CPU
	EndGlobalSection
	GlobalSection(ProjectConfigurationPlatforms) = postSolution
		{07EFC177-38E2-4F54-8CBD-B5AC98301244}.Debug|Any CPU.ActiveCfg = Debug|Any CPU
		{07EFC177-38E2-4F54-8CBD-B5AC98301244}.Debug|Any CPU.Build.0 = Debug|Any CPU
		{07EFC177-38E2-4F54-8CBD-B5AC98301244}.Release|Any CPU.ActiveCfg = Release|Any CPU
		{07EFC177-38E2-4F54-8CBD-B5AC98301244}.Release|Any CPU.Build.0 = Release|Any CPU
	EndGlobalSection
	GlobalSection(SolutionProperties) = preSolution
		HideSolutionNode = FALSE
	EndGlobalSection
	GlobalSection(ExtensibilityGlobals) = postSolution
		SolutionGuid = {B6AA8F9E-7485-4C09-946E-BDF1816C5D59}
	EndGlobalSection
EndGlobal
